
Microsoft Visual Studio Solution File, Format Version 12.00
# Visual Studio Version 17
VisualStudioVersion = 17.11.35312.102
MinimumVisualStudioVersion = 10.0.40219.1
Project("{FAE04EC0-301F-11D3-BF4B-00C04F79EFBC}") = "WinFormsApp3", "WinFormsApp3\WinFormsApp3.csproj", "{6E71C3ED-B877-4985-A317-AF5E95009E93}"
EndProject
Global
	GlobalSection(SolutionConfigurationPlatforms) = preSolution
		Debug|Any CPU = Debug|Any CPU
		Release|Any CPU = Release|Any CPU
	EndGlobalSection
	GlobalSection(ProjectConfigurationPlatforms) = postSolution
		{6E71C3ED-B877-4985-A317-AF5E95009E93}.Debug|Any CPU.ActiveCfg = Debug|Any CPU
		{6E71C3ED-B877-4985-A317-AF5E95009E93}.Debug|Any CPU.Build.0 = Debug|Any CPU
		{6E71C3ED-B877-4985-A317-AF5E95009E93}.Release|Any CPU.ActiveCfg = Release|Any CPU
		{6E71C3ED-B877-4985-A317-AF5E95009E93}.Release|Any CPU.Build.0 = Release|Any CPU
	EndGlobalSection
	GlobalSection(SolutionProperties) = preSolution
		HideSolutionNode = FALSE
	EndGlobalSection
	GlobalSection(ExtensibilityGlobals) = postSolution
		SolutionGuid = {3536167F-EDC7-48F2-8CC8-386A0E73E424}
	EndGlobalSection
EndGlobal
